
Microsoft Visual Studio Solution File, Format Version 12.00
# Visual Studio 14
VisualStudioVersion = 14.0.23107.0
MinimumVisualStudioVersion = 10.0.40219.1
Project("{FAE04EC0-301F-11D3-BF4B-00C04F79EFBC}") = "Ascii-Heroes", "Ascii-Heroes\Ascii-Heroes.csproj", "{930D8690-E8D6-4E4D-90BF-7D4C5D674E9D}"
EndProject
Global
	GlobalSection(SolutionConfigurationPlatforms) = preSolution
		Debug|Any CPU = Debug|Any CPU
		Release|Any CPU = Release|Any CPU
	EndGlobalSection
	GlobalSection(ProjectConfigurationPlatforms) = postSolution
		{930D8690-E8D6-4E4D-90BF-7D4C5D674E9D}.Debug|Any CPU.ActiveCfg = Debug|Any CPU
		{930D8690-E8D6-4E4D-90BF-7D4C5D674E9D}.Debug|Any CPU.Build.0 = Debug|Any CPU
		{930D8690-E8D6-4E4D-90BF-7D4C5D674E9D}.Release|Any CPU.ActiveCfg = Release|Any CPU
		{930D8690-E8D6-4E4D-90BF-7D4C5D674E9D}.Release|Any CPU.Build.0 = Release|Any CPU
	EndGlobalSection
	GlobalSection(SolutionProperties) = preSolution
		HideSolutionNode = FALSE
	EndGlobalSection
EndGlobal
