
Microsoft Visual Studio Solution File, Format Version 12.00
# Visual Studio 15
VisualStudioVersion = 15.0.28307.757
MinimumVisualStudioVersion = 10.0.40219.1
Project("{FAE04EC0-301F-11D3-BF4B-00C04F79EFBC}") = "Project", "Project\Project.csproj", "{4CC2742F-950D-4B89-AB40-FC535AC3061B}"
EndProject
Project("{FAE04EC0-301F-11D3-BF4B-00C04F79EFBC}") = "Project.Tests", "Project.Tests\Project.Tests.csproj", "{C12E7857-EC83-4180-88D7-61197E34A971}"
EndProject
Global
	GlobalSection(SolutionConfigurationPlatforms) = preSolution
		Debug|Any CPU = Debug|Any CPU
		Release|Any CPU = Release|Any CPU
	EndGlobalSection
	GlobalSection(ProjectConfigurationPlatforms) = postSolution
		{4CC2742F-950D-4B89-AB40-FC535AC3061B}.Debug|Any CPU.ActiveCfg = Debug|Any CPU
		{4CC2742F-950D-4B89-AB40-FC535AC3061B}.Debug|Any CPU.Build.0 = Debug|Any CPU
		{4CC2742F-950D-4B89-AB40-FC535AC3061B}.Release|Any CPU.ActiveCfg = Release|Any CPU
		{4CC2742F-950D-4B89-AB40-FC535AC3061B}.Release|Any CPU.Build.0 = Release|Any CPU
		{C12E7857-EC83-4180-88D7-61197E34A971}.Debug|Any CPU.ActiveCfg = Debug|Any CPU
		{C12E7857-EC83-4180-88D7-61197E34A971}.Debug|Any CPU.Build.0 = Debug|Any CPU
		{C12E7857-EC83-4180-88D7-61197E34A971}.Release|Any CPU.ActiveCfg = Release|Any CPU
		{C12E7857-EC83-4180-88D7-61197E34A971}.Release|Any CPU.Build.0 = Release|Any CPU
	EndGlobalSection
	GlobalSection(SolutionProperties) = preSolution
		HideSolutionNode = FALSE
	EndGlobalSection
	GlobalSection(ExtensibilityGlobals) = postSolution
		SolutionGuid = {F982BA40-A412-4FB8-93D8-9FD8F5ECAE6C}
	EndGlobalSection
EndGlobal
